
Microsoft Visual Studio Solution File, Format Version 12.00
# Visual Studio 15
VisualStudioVersion = 15.0.26923.0
MinimumVisualStudioVersion = 10.0.40219.1
Project("{9A19103F-16F7-4668-BE54-9A1E7A4F7556}") = "Lab2", "Lab2\Lab2.csproj", "{791C9C14-B5BD-4C27-A571-699A2621C9AB}"
EndProject
Global
	GlobalSection(SolutionConfigurationPlatforms) = preSolution
		Debug|Any CPU = Debug|Any CPU
		Release|Any CPU = Release|Any CPU
	EndGlobalSection
	GlobalSection(ProjectConfigurationPlatforms) = postSolution
		{791C9C14-B5BD-4C27-A571-699A2621C9AB}.Debug|Any CPU.ActiveCfg = Debug|Any CPU
		{791C9C14-B5BD-4C27-A571-699A2621C9AB}.Debug|Any CPU.Build.0 = Debug|Any CPU
		{791C9C14-B5BD-4C27-A571-699A2621C9AB}.Release|Any CPU.ActiveCfg = Release|Any CPU
		{791C9C14-B5BD-4C27-A571-699A2621C9AB}.Release|Any CPU.Build.0 = Release|Any CPU
	EndGlobalSection
	GlobalSection(SolutionProperties) = preSolution
		HideSolutionNode = FALSE
	EndGlobalSection
	GlobalSection(ExtensibilityGlobals) = postSolution
		SolutionGuid = {70F00E6D-A7FB-479E-976B-F70D17E721A1}
	EndGlobalSection
EndGlobal
